
Microsoft Visual Studio Solution File, Format Version 12.00
# Visual Studio Version 17
VisualStudioVersion = 17.13.35919.96 d17.13
MinimumVisualStudioVersion = 10.0.40219.1
Project("{FAE04EC0-301F-11D3-BF4B-00C04F79EFBC}") = "PlantCare.WebAPI", "PlantCare.WebAPI\PlantCare.WebAPI.csproj", "{7E528C73-AE7D-4D2F-B8A1-7DB211AB1493}"
EndProject
Project("{FAE04EC0-301F-11D3-BF4B-00C04F79EFBC}") = "PlantCare.Services", "PlantCare.Services\PlantCare.Services.csproj", "{9618DE13-19E3-441E-91AA-5D7E7223E401}"
EndProject
Project("{FAE04EC0-301F-11D3-BF4B-00C04F79EFBC}") = "PlantCare.Model", "PlantCare.Model\PlantCare.Model.csproj", "{1A7808E7-B6A3-4933-99B4-035FB6B863B3}"
EndProject
Global
	GlobalSection(SolutionConfigurationPlatforms) = preSolution
		Debug|Any CPU = Debug|Any CPU
		Release|Any CPU = Release|Any CPU
	EndGlobalSection
	GlobalSection(ProjectConfigurationPlatforms) = postSolution
		{7E528C73-AE7D-4D2F-B8A1-7DB211AB1493}.Debug|Any CPU.ActiveCfg = Debug|Any CPU
		{7E528C73-AE7D-4D2F-B8A1-7DB211AB1493}.Debug|Any CPU.Build.0 = Debug|Any CPU
		{7E528C73-AE7D-4D2F-B8A1-7DB211AB1493}.Release|Any CPU.ActiveCfg = Release|Any CPU
		{7E528C73-AE7D-4D2F-B8A1-7DB211AB1493}.Release|Any CPU.Build.0 = Release|Any CPU
		{9618DE13-19E3-441E-91AA-5D7E7223E401}.Debug|Any CPU.ActiveCfg = Debug|Any CPU
		{9618DE13-19E3-441E-91AA-5D7E7223E401}.Debug|Any CPU.Build.0 = Debug|Any CPU
		{9618DE13-19E3-441E-91AA-5D7E7223E401}.Release|Any CPU.ActiveCfg = Release|Any CPU
		{9618DE13-19E3-441E-91AA-5D7E7223E401}.Release|Any CPU.Build.0 = Release|Any CPU
		{1A7808E7-B6A3-4933-99B4-035FB6B863B3}.Debug|Any CPU.ActiveCfg = Debug|Any CPU
		{1A7808E7-B6A3-4933-99B4-035FB6B863B3}.Debug|Any CPU.Build.0 = Debug|Any CPU
		{1A7808E7-B6A3-4933-99B4-035FB6B863B3}.Release|Any CPU.ActiveCfg = Release|Any CPU
		{1A7808E7-B6A3-4933-99B4-035FB6B863B3}.Release|Any CPU.Build.0 = Release|Any CPU
	EndGlobalSection
	GlobalSection(SolutionProperties) = preSolution
		HideSolutionNode = FALSE
	EndGlobalSection
	GlobalSection(ExtensibilityGlobals) = postSolution
		SolutionGuid = {00679220-54BE-4497-ABF2-CB150AF6D3D8}
	EndGlobalSection
EndGlobal
